
Microsoft Visual Studio Solution File, Format Version 12.00
# Visual Studio 15
VisualStudioVersion = 15.0.28307.539
MinimumVisualStudioVersion = 10.0.40219.1
Project("{2150E333-8FDC-42A3-9474-1A3956D46DE8}") = "Dependencies", "Dependencies", "{F6A9DA70-0CBB-4195-9D90-3E7BAC09D365}"
EndProject
Project("{9A19103F-16F7-4668-BE54-9A1E7A4F7556}") = "DynamicData", "..\DynamicData\DynamicData\DynamicData.csproj", "{91116686-76B0-4C94-A6A3-C517326A7E99}"
EndProject
Project("{9A19103F-16F7-4668-BE54-9A1E7A4F7556}") = "CSharpExt", "..\CSharpExt\CSharpExt\CSharpExt.csproj", "{E2E3BB22-0E30-4B8D-A69F-C9B330941E4C}"
EndProject
Project("{9A19103F-16F7-4668-BE54-9A1E7A4F7556}") = "Loqui", "..\Loqui\Loqui\Loqui.csproj", "{6AE0A041-3A4F-4DFA-A261-F1B729C2E8F8}"
EndProject
Project("{9A19103F-16F7-4668-BE54-9A1E7A4F7556}") = "Loqui.Presentation", "..\Loqui\Loqui.Presentation\Loqui.Presentation.csproj", "{ED277F36-A22E-43A0-839D-B175760B206B}"
EndProject
Project("{9A19103F-16F7-4668-BE54-9A1E7A4F7556}") = "Mutagen.Bethesda", "..\Mutagen\Mutagen.Bethesda\Mutagen.Bethesda.csproj", "{75BF59D8-CECA-4E90-912A-BDFC4889E755}"
EndProject
Project("{9A19103F-16F7-4668-BE54-9A1E7A4F7556}") = "Mutagen.Bethesda.Oblivion", "..\Mutagen\Mutagen.Bethesda.Oblivion\Mutagen.Bethesda.Oblivion.csproj", "{593DFA39-7514-40DA-9B85-4F8FB3C544A5}"
EndProject
Project("{FAE04EC0-301F-11D3-BF4B-00C04F79EFBC}") = "BethesdaGitSync", "BethesdaGitSync\BethesdaGitSync.csproj", "{1A7131E8-6BE0-4CF0-82FB-AFFE018B01E1}"
EndProject
Project("{9A19103F-16F7-4668-BE54-9A1E7A4F7556}") = "Mutagen.Bethesda.GitSync", "Mutagen.Bethesda.GitSync\Mutagen.Bethesda.GitSync.csproj", "{0C3C2327-4B0B-4672-B582-8B5056302BDD}"
EndProject
Project("{FAE04EC0-301F-11D3-BF4B-00C04F79EFBC}") = "Mutagen.Bethesda.GitSyncConsole", "Mutagen.Bethesda.GitSyncConsole\Mutagen.Bethesda.GitSyncConsole.csproj", "{92FED143-343E-4A3B-9818-18F81B87EE71}"
EndProject
Global
	GlobalSection(SolutionConfigurationPlatforms) = preSolution
		Debug|Any CPU = Debug|Any CPU
		Release|Any CPU = Release|Any CPU
	EndGlobalSection
	GlobalSection(ProjectConfigurationPlatforms) = postSolution
		{91116686-76B0-4C94-A6A3-C517326A7E99}.Debug|Any CPU.ActiveCfg = Debug|Any CPU
		{91116686-76B0-4C94-A6A3-C517326A7E99}.Debug|Any CPU.Build.0 = Debug|Any CPU
		{91116686-76B0-4C94-A6A3-C517326A7E99}.Release|Any CPU.ActiveCfg = Release|Any CPU
		{91116686-76B0-4C94-A6A3-C517326A7E99}.Release|Any CPU.Build.0 = Release|Any CPU
		{E2E3BB22-0E30-4B8D-A69F-C9B330941E4C}.Debug|Any CPU.ActiveCfg = Debug|Any CPU
		{E2E3BB22-0E30-4B8D-A69F-C9B330941E4C}.Debug|Any CPU.Build.0 = Debug|Any CPU
		{E2E3BB22-0E30-4B8D-A69F-C9B330941E4C}.Release|Any CPU.ActiveCfg = Release|Any CPU
		{E2E3BB22-0E30-4B8D-A69F-C9B330941E4C}.Release|Any CPU.Build.0 = Release|Any CPU
		{6AE0A041-3A4F-4DFA-A261-F1B729C2E8F8}.Debug|Any CPU.ActiveCfg = Debug|Any CPU
		{6AE0A041-3A4F-4DFA-A261-F1B729C2E8F8}.Debug|Any CPU.Build.0 = Debug|Any CPU
		{6AE0A041-3A4F-4DFA-A261-F1B729C2E8F8}.Release|Any CPU.ActiveCfg = Release|Any CPU
		{6AE0A041-3A4F-4DFA-A261-F1B729C2E8F8}.Release|Any CPU.Build.0 = Release|Any CPU
		{ED277F36-A22E-43A0-839D-B175760B206B}.Debug|Any CPU.ActiveCfg = Debug|Any CPU
		{ED277F36-A22E-43A0-839D-B175760B206B}.Debug|Any CPU.Build.0 = Debug|Any CPU
		{ED277F36-A22E-43A0-839D-B175760B206B}.Release|Any CPU.ActiveCfg = Release|Any CPU
		{ED277F36-A22E-43A0-839D-B175760B206B}.Release|Any CPU.Build.0 = Release|Any CPU
		{75BF59D8-CECA-4E90-912A-BDFC4889E755}.Debug|Any CPU.ActiveCfg = Debug|Any CPU
		{75BF59D8-CECA-4E90-912A-BDFC4889E755}.Debug|Any CPU.Build.0 = Debug|Any CPU
		{75BF59D8-CECA-4E90-912A-BDFC4889E755}.Release|Any CPU.ActiveCfg = Release|Any CPU
		{75BF59D8-CECA-4E90-912A-BDFC4889E755}.Release|Any CPU.Build.0 = Release|Any CPU
		{593DFA39-7514-40DA-9B85-4F8FB3C544A5}.Debug|Any CPU.ActiveCfg = Debug|Any CPU
		{593DFA39-7514-40DA-9B85-4F8FB3C544A5}.Debug|Any CPU.Build.0 = Debug|Any CPU
		{593DFA39-7514-40DA-9B85-4F8FB3C544A5}.Release|Any CPU.ActiveCfg = Release|Any CPU
		{593DFA39-7514-40DA-9B85-4F8FB3C544A5}.Release|Any CPU.Build.0 = Release|Any CPU
		{1A7131E8-6BE0-4CF0-82FB-AFFE018B01E1}.Debug|Any CPU.ActiveCfg = Debug|Any CPU
		{1A7131E8-6BE0-4CF0-82FB-AFFE018B01E1}.Debug|Any CPU.Build.0 = Debug|Any CPU
		{1A7131E8-6BE0-4CF0-82FB-AFFE018B01E1}.Release|Any CPU.ActiveCfg = Release|Any CPU
		{1A7131E8-6BE0-4CF0-82FB-AFFE018B01E1}.Release|Any CPU.Build.0 = Release|Any CPU
		{0C3C2327-4B0B-4672-B582-8B5056302BDD}.Debug|Any CPU.ActiveCfg = Debug|Any CPU
		{0C3C2327-4B0B-4672-B582-8B5056302BDD}.Debug|Any CPU.Build.0 = Debug|Any CPU
		{0C3C2327-4B0B-4672-B582-8B5056302BDD}.Release|Any CPU.ActiveCfg = Release|Any CPU
		{0C3C2327-4B0B-4672-B582-8B5056302BDD}.Release|Any CPU.Build.0 = Release|Any CPU
		{92FED143-343E-4A3B-9818-18F81B87EE71}.Debug|Any CPU.ActiveCfg = Debug|Any CPU
		{92FED143-343E-4A3B-9818-18F81B87EE71}.Debug|Any CPU.Build.0 = Debug|Any CPU
		{92FED143-343E-4A3B-9818-18F81B87EE71}.Release|Any CPU.ActiveCfg = Release|Any CPU
		{92FED143-343E-4A3B-9818-18F81B87EE71}.Release|Any CPU.Build.0 = Release|Any CPU
	EndGlobalSection
	GlobalSection(SolutionProperties) = preSolution
		HideSolutionNode = FALSE
	EndGlobalSection
	GlobalSection(NestedProjects) = preSolution
		{91116686-76B0-4C94-A6A3-C517326A7E99} = {F6A9DA70-0CBB-4195-9D90-3E7BAC09D365}
		{E2E3BB22-0E30-4B8D-A69F-C9B330941E4C} = {F6A9DA70-0CBB-4195-9D90-3E7BAC09D365}
		{6AE0A041-3A4F-4DFA-A261-F1B729C2E8F8} = {F6A9DA70-0CBB-4195-9D90-3E7BAC09D365}
		{ED277F36-A22E-43A0-839D-B175760B206B} = {F6A9DA70-0CBB-4195-9D90-3E7BAC09D365}
		{75BF59D8-CECA-4E90-912A-BDFC4889E755} = {F6A9DA70-0CBB-4195-9D90-3E7BAC09D365}
		{593DFA39-7514-40DA-9B85-4F8FB3C544A5} = {F6A9DA70-0CBB-4195-9D90-3E7BAC09D365}
	EndGlobalSection
	GlobalSection(ExtensibilityGlobals) = postSolution
		SolutionGuid = {B61C2989-4134-442C-B3D9-2D3FDEB250EF}
	EndGlobalSection
EndGlobal
